name: lock-test

on:
  push:
    branches:
    - '*'

defaults:
  run:
    shell: bash -l {0}

jobs:
  lock:
    runs-on: macos-latest
    steps:
      - uses: actions/checkout@v2

      - name: Setup environment
        uses: conda-incubator/setup-miniconda@v2
        with:
            miniforge-variant: Mambaforge
            miniforge-version: latest
            auto-activate-base: true
            activate-environment: ""
            use-mamba: true
            mamba-version: "*"
      
      - run: conda config --set solver libmamba
      - run: mamba update mamba
      - run: conda list

      - name: Install conda-lock
        run: mamba install -c conda-forge conda-lock
      
      - name: Generate lockfiles
        run: |
          # conda-lock -f demo_env.yml -p linux-64 -p osx-64 --no-mamba
          conda-lock -f demo_env.yml -p linux-64 -p osx-64
          conda lock render conda-lock.yml

      - uses: actions/upload-artifact@v3
        with:
          name: lockfiles
          path: |
              conda-linux-64.lock
              conda-osx-64.lock
              conda-lock.yml
